{
  "R": {
    "Version": "3.4.4",
    "Repositories": [
      {
        "Name": "CRAN",
        "URL": "https://stat.ethz.ch/CRAN"
      }
    ]
  },
  "Packages": {
    "MASS": {
      "Package": "MASS",
      "Version": "7.3-49",
      "Source": "Repository",
      "Repository": "CRAN",
      "Hash": "f47828414f155725f342d93be7fcfabd"
    },
    "Matrix": {
      "Package": "Matrix",
      "Version": "1.2-12",
      "Source": "Repository",
      "Repository": "CRAN",
      "Hash": "2451d6490ec017b18b6eff460c65fd85"
    },
    "lattice": {
      "Package": "lattice",
      "Version": "0.20-35",
      "Source": "Repository",
      "Repository": "CRAN",
      "Hash": "10a22a9a66fbe7944e9ef98985d7c927"
    },
    "mgcv": {
      "Package": "mgcv",
      "Version": "1.8-23",
      "Source": "Repository",
      "Repository": "CRAN",
      "Hash": "b1a3bba86e45ddea6b66e67623f587ee"
    },
    "nlme": {
      "Package": "nlme",
      "Version": "3.1-131",
      "Source": "Repository",
      "Repository": "CRAN",
      "Hash": "215a901b25abf4077a8e7d2d6ce2b211"
    },
    "renv": {
      "Package": "renv",
      "Version": "0.9.3",
      "Source": "Repository",
      "Repository": "CRAN",
      "Hash": "c1a367437d8a8a44bec4b9d4974cb20c"
    }
  }
}
